
Microsoft Visual Studio Solution File, Format Version 12.00
# Visual Studio Version 17
VisualStudioVersion = 17.4.33103.184
MinimumVisualStudioVersion = 10.0.40219.1
Project("{FAE04EC0-301F-11D3-BF4B-00C04F79EFBC}") = "Company.API", "Company.API\Company.API.csproj", "{37883432-7891-4068-9C67-3E1AD02F261F}"
EndProject
Project("{FAE04EC0-301F-11D3-BF4B-00C04F79EFBC}") = "Company.Data", "Company.Data\Company.Data.csproj", "{71136652-530D-48FA-8A91-9CDB489F7B25}"
EndProject
Project("{FAE04EC0-301F-11D3-BF4B-00C04F79EFBC}") = "Company.Common", "Company.Common\Company.Common.csproj", "{FEB5F0B2-1ED4-4B55-A2EB-A26799C65256}"
EndProject
Global
	GlobalSection(SolutionConfigurationPlatforms) = preSolution
		Debug|Any CPU = Debug|Any CPU
		Release|Any CPU = Release|Any CPU
	EndGlobalSection
	GlobalSection(ProjectConfigurationPlatforms) = postSolution
		{37883432-7891-4068-9C67-3E1AD02F261F}.Debug|Any CPU.ActiveCfg = Debug|Any CPU
		{37883432-7891-4068-9C67-3E1AD02F261F}.Debug|Any CPU.Build.0 = Debug|Any CPU
		{37883432-7891-4068-9C67-3E1AD02F261F}.Release|Any CPU.ActiveCfg = Release|Any CPU
		{37883432-7891-4068-9C67-3E1AD02F261F}.Release|Any CPU.Build.0 = Release|Any CPU
		{71136652-530D-48FA-8A91-9CDB489F7B25}.Debug|Any CPU.ActiveCfg = Debug|Any CPU
		{71136652-530D-48FA-8A91-9CDB489F7B25}.Debug|Any CPU.Build.0 = Debug|Any CPU
		{71136652-530D-48FA-8A91-9CDB489F7B25}.Release|Any CPU.ActiveCfg = Release|Any CPU
		{71136652-530D-48FA-8A91-9CDB489F7B25}.Release|Any CPU.Build.0 = Release|Any CPU
		{FEB5F0B2-1ED4-4B55-A2EB-A26799C65256}.Debug|Any CPU.ActiveCfg = Debug|Any CPU
		{FEB5F0B2-1ED4-4B55-A2EB-A26799C65256}.Debug|Any CPU.Build.0 = Debug|Any CPU
		{FEB5F0B2-1ED4-4B55-A2EB-A26799C65256}.Release|Any CPU.ActiveCfg = Release|Any CPU
		{FEB5F0B2-1ED4-4B55-A2EB-A26799C65256}.Release|Any CPU.Build.0 = Release|Any CPU
	EndGlobalSection
	GlobalSection(SolutionProperties) = preSolution
		HideSolutionNode = FALSE
	EndGlobalSection
	GlobalSection(ExtensibilityGlobals) = postSolution
		SolutionGuid = {ADBC47C9-8638-4BD5-9EA9-B0519AB6512A}
	EndGlobalSection
EndGlobal
